# THIS IS AN AUTOGENERATED FILE. DO NOT EDIT THIS FILE DIRECTLY.
# yarn lockfile v1


electron-positioner@^3.0.0:
  version "3.0.1"
  resolved "https://registry.yarnpkg.com/electron-positioner/-/electron-positioner-3.0.1.tgz#e699400c2d634ad19352cf20202e92b92b96accb"
  integrity sha512-zQsnNzJB2PY6KEcGFXAoW6iIKtZ+3nbpVozKN7jhdRdRHMFpEpGufwcfrKhnEBBwrfHpyFQgU+p5jkteLIV+Jg==

extend@^2.0.0:
  version "2.0.2"
  resolved "https://registry.yarnpkg.com/extend/-/extend-2.0.2.tgz#1b74985400171b85554894459c978de6ef453ab7"
  integrity sha512-AgFD4VU+lVLP6vjnlNfF7OeInLTyeyckCNPEsuxz1vi786UuK/nk6ynPuhn/h+Ju9++TQyr5EpLRI14fc1QtTQ==

menubar@^5.2.3:
  version "5.2.3"
  resolved "https://registry.yarnpkg.com/menubar/-/menubar-5.2.3.tgz#8f2761597b4a0ee87edf04a87d8aab1aac2c44e9"
  integrity sha1-jydhWXtKDuh+3wSofYqrGqwsROk=
  dependencies:
    electron-positioner "^3.0.0"
    extend "^2.0.0"
